// !$*UTF8*$!
{
	archiveVersion = 1;
	classes = {
	};
	objectVersion = 46;
	objects = {

/* Begin PBXBuildFile section */
		45BA2E911F32E6AC00A5563E /* AppDelegate.swift in Sources */ = {isa = PBXBuildFile; fileRef = 45BA2E901F32E6AC00A5563E /* AppDelegate.swift */; };
		45BA2E931F32E6AC00A5563E /* ViewController.swift in Sources */ = {isa = PBXBuildFile; fileRef = 45BA2E921F32E6AC00A5563E /* ViewController.swift */; };
		45BA2E961F32E6AC00A5563E /* Main.storyboard in Resources */ = {isa = PBXBuildFile; fileRef = 45BA2E941F32E6AC00A5563E /* Main.storyboard */; };
		45BA2E991F32E6AC00A5563E /* PDFTest.xcdatamodeld in Sources */ = {isa = PBXBuildFile; fileRef = 45BA2E971F32E6AC00A5563E /* PDFTest.xcdatamodeld */; };
		45BA2E9B1F32E6AC00A5563E /* Assets.xcassets in Resources */ = {isa = PBXBuildFile; fileRef = 45BA2E9A1F32E6AC00A5563E /* Assets.xcassets */; };
		45BA2E9E1F32E6AC00A5563E /* LaunchScreen.storyboard in Resources */ = {isa = PBXBuildFile; fileRef = 45BA2E9C1F32E6AC00A5563E /* LaunchScreen.storyboard */; };
		BE460CDA20A2B048357E610F /* Pods_PDFTest.framework in Frameworks */ = {isa = PBXBuildFile; fileRef = 2BEC0D00F3F25BC8E3471C35 /* Pods_PDFTest.framework */; };
/* End PBXBuildFile section */

/* Begin PBXFileReference section */
		2BEC0D00F3F25BC8E3471C35 /* Pods_PDFTest.framework */ = {isa = PBXFileReference; explicitFileType = wrapper.framework; includeInIndex = 0; path = Pods_PDFTest.framework; sourceTree = BUILT_PRODUCTS_DIR; };
		45BA2E8D1F32E6AC00A5563E /* PDFTest.app */ = {isa = PBXFileReference; explicitFileType = wrapper.application; includeInIndex = 0; path = PDFTest.app; sourceTree = BUILT_PRODUCTS_DIR; };
		45BA2E901F32E6AC00A5563E /* AppDelegate.swift */ = {isa = PBXFileReference; lastKnownFileType = sourcecode.swift; path = AppDelegate.swift; sourceTree = "<group>"; };
		45BA2E921F32E6AC00A5563E /* ViewController.swift */ = {isa = PBXFileReference; lastKnownFileType = sourcecode.swift; path = ViewController.swift; sourceTree = "<group>"; };
		45BA2E951F32E6AC00A5563E /* Base */ = {isa = PBXFileReference; lastKnownFileType = file.storyboard; name = Base; path = Base.lproj/Main.storyboard; sourceTree = "<group>"; };
		45BA2E981F32E6AC00A5563E /* PDFTest.xcdatamodel */ = {isa = PBXFileReference; lastKnownFileType = wrapper.xcdatamodel; path = PDFTest.xcdatamodel; sourceTree = "<group>"; };
		45BA2E9A1F32E6AC00A5563E /* Assets.xcassets */ = {isa = PBXFileReference; lastKnownFileType = folder.assetcatalog; path = Assets.xcassets; sourceTree = "<group>"; };
		45BA2E9D1F32E6AC00A5563E /* Base */ = {isa = PBXFileReference; lastKnownFileType = file.storyboard; name = Base; path = Base.lproj/LaunchScreen.storyboard; sourceTree = "<group>"; };
		45BA2E9F1F32E6AC00A5563E /* Info.plist */ = {isa = PBXFileReference; lastKnownFileType = text.plist.xml; path = Info.plist; sourceTree = "<group>"; };
		989C62040C69B953AC62289F /* Pods-PDFTest.release.xcconfig */ = {isa = PBXFileReference; includeInIndex = 1; lastKnownFileType = text.xcconfig; name = "Pods-PDFTest.release.xcconfig"; path = "Pods/Target Support Files/Pods-PDFTest/Pods-PDFTest.release.xcconfig"; sourceTree = "<group>"; };
		CC32E98753231FC3481D1EB4 /* Pods-PDFTest.debug.xcconfig */ = {isa = PBXFileReference; includeInIndex = 1; lastKnownFileType = text.xcconfig; name = "Pods-PDFTest.debug.xcconfig"; path = "Pods/Target Support Files/Pods-PDFTest/Pods-PDFTest.debug.xcconfig"; sourceTree = "<group>"; };
/* End PBXFileReference section */

/* Begin PBXFrameworksBuildPhase section */
		45BA2E8A1F32E6AB00A5563E /* Frameworks */ = {
			isa = PBXFrameworksBuildPhase;
			buildActionMask = 2147483647;
			files = (
				BE460CDA20A2B048357E610F /* Pods_PDFTest.framework in Frameworks */,
			);
			runOnlyForDeploymentPostprocessing = 0;
		};
/* End PBXFrameworksBuildPhase section */

/* Begin PBXGroup section */
		45BA2E841F32E6AB00A5563E = {
			isa = PBXGroup;
			children = (
				45BA2E8F1F32E6AC00A5563E /* PDFTest */,
				45BA2E8E1F32E6AC00A5563E /* Products */,
				CC8DAA12F7EFB7A545DFA20A /* Pods */,
				99A76BE211516E572357BEA0 /* Frameworks */,
			);
			sourceTree = "<group>";
		};
		45BA2E8E1F32E6AC00A5563E /* Products */ = {
			isa = PBXGroup;
			children = (
				45BA2E8D1F32E6AC00A5563E /* PDFTest.app */,
			);
			name = Products;
			sourceTree = "<group>";
		};
		45BA2E8F1F32E6AC00A5563E /* PDFTest */ = {
			isa = PBXGroup;
			children = (
				45BA2E901F32E6AC00A5563E /* AppDelegate.swift */,
				45BA2E921F32E6AC00A5563E /* ViewController.swift */,
				45BA2E941F32E6AC00A5563E /* Main.storyboard */,
				45BA2E9A1F32E6AC00A5563E /* Assets.xcassets */,
				45BA2E9C1F32E6AC00A5563E /* LaunchScreen.storyboard */,
				45BA2E9F1F32E6AC00A5563E /* Info.plist */,
				45BA2E971F32E6AC00A5563E /* PDFTest.xcdatamodeld */,
			);
			path = PDFTest;
			sourceTree = "<group>";
		};
		99A76BE211516E572357BEA0 /* Frameworks */ = {
			isa = PBXGroup;
			children = (
				2BEC0D00F3F25BC8E3471C35 /* Pods_PDFTest.framework */,
			);
			name = Frameworks;
			sourceTree = "<group>";
		};
		CC8DAA12F7EFB7A545DFA20A /* Pods */ = {
			isa = PBXGroup;
			children = (
				CC32E98753231FC3481D1EB4 /* Pods-PDFTest.debug.xcconfig */,
				989C62040C69B953AC62289F /* Pods-PDFTest.release.xcconfig */,
			);
			name = Pods;
			sourceTree = "<group>";
		};
/* End PBXGroup section */

/* Begin PBXNativeTarget section */
		45BA2E8C1F32E6AB00A5563E /* PDFTest */ = {
			isa = PBXNativeTarget;
			buildConfigurationList = 45BA2EA21F32E6AC00A5563E /* Build configuration list for PBXNativeTarget "PDFTest" */;
			buildPhases = (
				1E3567E97D431BAF6099FE73 /* [CP] Check Pods Manifest.lock */,
				45BA2E891F32E6AB00A5563E /* Sources */,
				45BA2E8A1F32E6AB00A5563E /* Frameworks */,
				45BA2E8B1F32E6AB00A5563E /* Resources */,
				6F0B918006F7527D2DBB19A4 /* [CP] Embed Pods Frameworks */,
				4F228D62282BF6F83CC7E0CB /* [CP] Copy Pods Resources */,
			);
			buildRules = (
			);
			dependencies = (
			);
			name = PDFTest;
			productName = PDFTest;
			productReference = 45BA2E8D1F32E6AC00A5563E /* PDFTest.app */;
			productType = "com.apple.product-type.application";
		};
/* End PBXNativeTarget section */

/* Begin PBXProject section */
		45BA2E851F32E6AB00A5563E /* Project object */ = {
			isa = PBXProject;
			attributes = {
				LastSwiftUpdateCheck = 0820;
				LastUpgradeCheck = 0820;
				ORGANIZATIONNAME = "Eleven Systems";
				TargetAttributes = {
					45BA2E8C1F32E6AB00A5563E = {
						CreatedOnToolsVersion = 8.2.1;
						DevelopmentTeam = CCFUB77GUP;
						LastSwiftMigration = 0820;
						ProvisioningStyle = Automatic;
					};
				};
			};
			buildConfigurationList = 45BA2E881F32E6AB00A5563E /* Build configuration list for PBXProject "PDFTest" */;
			compatibilityVersion = "Xcode 3.2";
			developmentRegion = English;
			hasScannedForEncodings = 0;
			knownRegions = (
				en,
				Base,
			);
			mainGroup = 45BA2E841F32E6AB00A5563E;
			productRefGroup = 45BA2E8E1F32E6AC00A5563E /* Products */;
			projectDirPath = "";
			projectRoot = "";
			targets = (
				45BA2E8C1F32E6AB00A5563E /* PDFTest */,
			);
		};
/* End PBXProject section */

/* Begin PBXResourcesBuildPhase section */
		45BA2E8B1F32E6AB00A5563E /* Resources */ = {
			isa = PBXResourcesBuildPhase;
			buildActionMask = 2147483647;
			files = (
				45BA2E9E1F32E6AC00A5563E /* LaunchScreen.storyboard in Resources */,
				45BA2E9B1F32E6AC00A5563E /* Assets.xcassets in Resources */,
				45BA2E961F32E6AC00A5563E /* Main.storyboard in Resources */,
			);
			runOnlyForDeploymentPostprocessing = 0;
		};
/* End PBXResourcesBuildPhase section */

/* Begin PBXShellScriptBuildPhase section */
		1E3567E97D431BAF6099FE73 /* [CP] Check Pods Manifest.lock */ = {
			isa = PBXShellScriptBuildPhase;
			buildActionMask = 2147483647;
			files = (
			);
			inputPaths = (
			);
			name = "[CP] Check Pods Manifest.lock";
			outputPaths = (
			);
			runOnlyForDeploymentPostprocessing = 0;
			shellPath = /bin/sh;
			shellScript = "diff \"${PODS_ROOT}/../Podfile.lock\" \"${PODS_ROOT}/Manifest.lock\" > /dev/null\nif [[ $? != 0 ]] ; then\n    cat << EOM\nerror: The sandbox is not in sync with the Podfile.lock. Run 'pod install' or update your CocoaPods installation.\nEOM\n    exit 1\nfi\n";
			showEnvVarsInLog = 0;
		};
		4F228D62282BF6F83CC7E0CB /* [CP] Copy Pods Resources */ = {
			isa = PBXShellScriptBuildPhase;
			buildActionMask = 2147483647;
			files = (
			);
			inputPaths = (
			);
			name = "[CP] Copy Pods Resources";
			outputPaths = (
			);
			runOnlyForDeploymentPostprocessing = 0;
			shellPath = /bin/sh;
			shellScript = "\"${SRCROOT}/Pods/Target Support Files/Pods-PDFTest/Pods-PDFTest-resources.sh\"\n";
			showEnvVarsInLog = 0;
		};
		6F0B918006F7527D2DBB19A4 /* [CP] Embed Pods Frameworks */ = {
			isa = PBXShellScriptBuildPhase;
			buildActionMask = 2147483647;
			files = (
			);
			inputPaths = (
			);
			name = "[CP] Embed Pods Frameworks";
			outputPaths = (
			);
			runOnlyForDeploymentPostprocessing = 0;
			shellPath = /bin/sh;
			shellScript = "\"${SRCROOT}/Pods/Target Support Files/Pods-PDFTest/Pods-PDFTest-frameworks.sh\"\n";
			showEnvVarsInLog = 0;
		};
/* End PBXShellScriptBuildPhase section */

/* Begin PBXSourcesBuildPhase section */
		45BA2E891F32E6AB00A5563E /* Sources */ = {
			isa = PBXSourcesBuildPhase;
			buildActionMask = 2147483647;
			files = (
				45BA2E991F32E6AC00A5563E /* PDFTest.xcdatamodeld in Sources */,
				45BA2E931F32E6AC00A5563E /* ViewController.swift in Sources */,
				45BA2E911F32E6AC00A5563E /* AppDelegate.swift in Sources */,
			);
			runOnlyForDeploymentPostprocessing = 0;
		};
/* End PBXSourcesBuildPhase section */

/* Begin PBXVariantGroup section */
		45BA2E941F32E6AC00A5563E /* Main.storyboard */ = {
			isa = PBXVariantGroup;
			children = (
				45BA2E951F32E6AC00A5563E /* Base */,
			);
			name = Main.storyboard;
			sourceTree = "<group>";
		};
		45BA2E9C1F32E6AC00A5563E /* LaunchScreen.storyboard */ = {
			isa = PBXVariantGroup;
			children = (
				45BA2E9D1F32E6AC00A5563E /* Base */,
			);
			name = LaunchScreen.storyboard;
			sourceTree = "<group>";
		};
/* End PBXVariantGroup section */

/* Begin XCBuildConfiguration section */
		45BA2EA01F32E6AC00A5563E /* Debug */ = {
			isa = XCBuildConfiguration;
			buildSettings = {
				ALWAYS_SEARCH_USER_PATHS = NO;
				CLANG_ANALYZER_NONNULL = YES;
				CLANG_CXX_LANGUAGE_STANDARD = "gnu++0x";
				CLANG_CXX_LIBRARY = "libc++";
				CLANG_ENABLE_MODULES = YES;
				CLANG_ENABLE_OBJC_ARC = YES;
				CLANG_WARN_BOOL_CONVERSION = YES;
				CLANG_WARN_CONSTANT_CONVERSION = YES;
				CLANG_WARN_DIRECT_OBJC_ISA_USAGE = YES_ERROR;
				CLANG_WARN_DOCUMENTATION_COMMENTS = YES;
				CLANG_WARN_EMPTY_BODY = YES;
				CLANG_WARN_ENUM_CONVERSION = YES;
				CLANG_WARN_INFINITE_RECURSION = YES;
				CLANG_WARN_INT_CONVERSION = YES;
				CLANG_WARN_OBJC_ROOT_CLASS = YES_ERROR;
				CLANG_WARN_SUSPICIOUS_MOVE = YES;
				CLANG_WARN_UNREACHABLE_CODE = YES;
				CLANG_WARN__DUPLICATE_METHOD_MATCH = YES;
				"CODE_SIGN_IDENTITY[sdk=iphoneos*]" = "iPhone Developer";
				COPY_PHASE_STRIP = NO;
				DEBUG_INFORMATION_FORMAT = dwarf;
				ENABLE_STRICT_OBJC_MSGSEND = YES;
				ENABLE_TESTABILITY = YES;
				GCC_C_LANGUAGE_STANDARD = gnu99;
				GCC_DYNAMIC_NO_PIC = NO;
				GCC_NO_COMMON_BLOCKS = YES;
				GCC_OPTIMIZATION_LEVEL = 0;
				GCC_PREPROCESSOR_DEFINITIONS = (
					"DEBUG=1",
					"$(inherited)",
				);
				GCC_WARN_64_TO_32_BIT_CONVERSION = YES;
				GCC_WARN_ABOUT_RETURN_TYPE = YES_ERROR;
				GCC_WARN_UNDECLARED_SELECTOR = YES;
				GCC_WARN_UNINITIALIZED_AUTOS = YES_AGGRESSIVE;
				GCC_WARN_UNUSED_FUNCTION = YES;
				GCC_WARN_UNUSED_VARIABLE = YES;
				IPHONEOS_DEPLOYMENT_TARGET = 10.2;
				MTL_ENABLE_DEBUG_INFO = YES;
				ONLY_ACTIVE_ARCH = YES;
				SDKROOT = iphoneos;
				SWIFT_ACTIVE_COMPILATION_CONDITIONS = DEBUG;
				SWIFT_OPTIMIZATION_LEVEL = "-Onone";
				TARGETED_DEVICE_FAMILY = "1,2";
			};
			name = Debug;
		};
		45BA2EA11F32E6AC00A5563E /* Release */ = {
			isa = XCBuildConfiguration;
			buildSettings = {
				ALWAYS_SEARCH_USER_PATHS = NO;
				CLANG_ANALYZER_NONNULL = YES;
				CLANG_CXX_LANGUAGE_STANDARD = "gnu++0x";
				CLANG_CXX_LIBRARY = "libc++";
				CLANG_ENABLE_MODULES = YES;
				CLANG_ENABLE_OBJC_ARC = YES;
				CLANG_WARN_BOOL_CONVERSION = YES;
				CLANG_WARN_CONSTANT_CONVERSION = YES;
				CLANG_WARN_DIRECT_OBJC_ISA_USAGE = YES_ERROR;
				CLANG_WARN_DOCUMENTATION_COMMENTS = YES;
				CLANG_WARN_EMPTY_BODY = YES;
				CLANG_WARN_ENUM_CONVERSION = YES;
				CLANG_WARN_INFINITE_RECURSION = YES;
				CLANG_WARN_INT_CONVERSION = YES;
				CLANG_WARN_OBJC_ROOT_CLASS = YES_ERROR;
				CLANG_WARN_SUSPICIOUS_MOVE = YES;
				CLANG_WARN_UNREACHABLE_CODE = YES;
				CLANG_WARN__DUPLICATE_METHOD_MATCH = YES;
				"CODE_SIGN_IDENTITY[sdk=iphoneos*]" = "iPhone Developer";
				COPY_PHASE_STRIP = NO;
				DEBUG_INFORMATION_FORMAT = "dwarf-with-dsym";
				ENABLE_NS_ASSERTIONS = NO;
				ENABLE_STRICT_OBJC_MSGSEND = YES;
				GCC_C_LANGUAGE_STANDARD = gnu99;
				GCC_NO_COMMON_BLOCKS = YES;
				GCC_WARN_64_TO_32_BIT_CONVERSION = YES;
				GCC_WARN_ABOUT_RETURN_TYPE = YES_ERROR;
				GCC_WARN_UNDECLARED_SELECTOR = YES;
				GCC_WARN_UNINITIALIZED_AUTOS = YES_AGGRESSIVE;
				GCC_WARN_UNUSED_FUNCTION = YES;
				GCC_WARN_UNUSED_VARIABLE = YES;
				IPHONEOS_DEPLOYMENT_TARGET = 10.2;
				MTL_ENABLE_DEBUG_INFO = NO;
				SDKROOT = iphoneos;
				SWIFT_OPTIMIZATION_LEVEL = "-Owholemodule";
				TARGETED_DEVICE_FAMILY = "1,2";
				VALIDATE_PRODUCT = YES;
			};
			name = Release;
		};
		45BA2EA31F32E6AC00A5563E /* Debug */ = {
			isa = XCBuildConfiguration;
			baseConfigurationReference = CC32E98753231FC3481D1EB4 /* Pods-PDFTest.debug.xcconfig */;
			buildSettings = {
				ALWAYS_EMBED_SWIFT_STANDARD_LIBRARIES = YES;
				ASSETCATALOG_COMPILER_APPICON_NAME = AppIcon;
				DEVELOPMENT_TEAM = CCFUB77GUP;
				INFOPLIST_FILE = PDFTest/Info.plist;
				LD_RUNPATH_SEARCH_PATHS = "$(inherited) @executable_path/Frameworks";
				PRODUCT_BUNDLE_IDENTIFIER = com.rafaelperez.PDFTest;
				PRODUCT_NAME = "$(TARGET_NAME)";
				SWIFT_VERSION = 3.0;
			};
			name = Debug;
		};
		45BA2EA41F32E6AC00A5563E /* Release */ = {
			isa = XCBuildConfiguration;
			baseConfigurationReference = 989C62040C69B953AC62289F /* Pods-PDFTest.release.xcconfig */;
			buildSettings = {
				ALWAYS_EMBED_SWIFT_STANDARD_LIBRARIES = YES;
				ASSETCATALOG_COMPILER_APPICON_NAME = AppIcon;
				DEVELOPMENT_TEAM = CCFUB77GUP;
				INFOPLIST_FILE = PDFTest/Info.plist;
				LD_RUNPATH_SEARCH_PATHS = "$(inherited) @executable_path/Frameworks";
				PRODUCT_BUNDLE_IDENTIFIER = com.rafaelperez.PDFTest;
				PRODUCT_NAME = "$(TARGET_NAME)";
				SWIFT_VERSION = 3.0;
			};
			name = Release;
		};
/* End XCBuildConfiguration section */

/* Begin XCConfigurationList section */
		45BA2E881F32E6AB00A5563E /* Build configuration list for PBXProject "PDFTest" */ = {
			isa = XCConfigurationList;
			buildConfigurations = (
				45BA2EA01F32E6AC00A5563E /* Debug */,
				45BA2EA11F32E6AC00A5563E /* Release */,
			);
			defaultConfigurationIsVisible = 0;
			defaultConfigurationName = Release;
		};
		45BA2EA21F32E6AC00A5563E /* Build configuration list for PBXNativeTarget "PDFTest" */ = {
			isa = XCConfigurationList;
			buildConfigurations = (
				45BA2EA31F32E6AC00A5563E /* Debug */,
				45BA2EA41F32E6AC00A5563E /* Release */,
			);
			defaultConfigurationIsVisible = 0;
			defaultConfigurationName = Release;
		};
/* End XCConfigurationList section */

/* Begin XCVersionGroup section */
		45BA2E971F32E6AC00A5563E /* PDFTest.xcdatamodeld */ = {
			isa = XCVersionGroup;
			children = (
				45BA2E981F32E6AC00A5563E /* PDFTest.xcdatamodel */,
			);
			currentVersion = 45BA2E981F32E6AC00A5563E /* PDFTest.xcdatamodel */;
			path = PDFTest.xcdatamodeld;
			sourceTree = "<group>";
			versionGroupType = wrapper.xcdatamodel;
		};
/* End XCVersionGroup section */
	};
	rootObject = 45BA2E851F32E6AB00A5563E /* Project object */;
}
